
Microsoft Visual Studio Solution File, Format Version 12.00
# Visual Studio Version 17
VisualStudioVersion = 17.8.34330.188
MinimumVisualStudioVersion = 10.0.40219.1
Project("{FAE04EC0-301F-11D3-BF4B-00C04F79EFBC}") = "MvcMovie", "MvcMovie\MvcMovie.csproj", "{FB75825F-230C-48F7-92CD-2D990805BA23}"
EndProject
Global
	GlobalSection(SolutionConfigurationPlatforms) = preSolution
		Debug|Any CPU = Debug|Any CPU
		Release|Any CPU = Release|Any CPU
	EndGlobalSection
	GlobalSection(ProjectConfigurationPlatforms) = postSolution
		{FB75825F-230C-48F7-92CD-2D990805BA23}.Debug|Any CPU.ActiveCfg = Debug|Any CPU
		{FB75825F-230C-48F7-92CD-2D990805BA23}.Debug|Any CPU.Build.0 = Debug|Any CPU
		{FB75825F-230C-48F7-92CD-2D990805BA23}.Release|Any CPU.ActiveCfg = Release|Any CPU
		{FB75825F-230C-48F7-92CD-2D990805BA23}.Release|Any CPU.Build.0 = Release|Any CPU
	EndGlobalSection
	GlobalSection(SolutionProperties) = preSolution
		HideSolutionNode = FALSE
	EndGlobalSection
	GlobalSection(ExtensibilityGlobals) = postSolution
		SolutionGuid = {84D63987-5947-4532-8A9F-C2697191973D}
	EndGlobalSection
EndGlobal
